// !$*UTF8*$!
{
	archiveVersion = 1;
	classes = {
	};
	objectVersion = 56;
	objects = {

/* Begin PBXBuildFile section */
		D53730832BFF260700AF08BC /* AppDelegate.swift in Sources */ = {isa = PBXBuildFile; fileRef = D53730822BFF260700AF08BC /* AppDelegate.swift */; };
		D53730872BFF260700AF08BC /* HomeViewController.swift in Sources */ = {isa = PBXBuildFile; fileRef = D53730862BFF260700AF08BC /* HomeViewController.swift */; };
		D537308C2BFF260B00AF08BC /* Assets.xcassets in Resources */ = {isa = PBXBuildFile; fileRef = D537308B2BFF260B00AF08BC /* Assets.xcassets */; };
		D537308F2BFF260B00AF08BC /* Base in Resources */ = {isa = PBXBuildFile; fileRef = D537308E2BFF260B00AF08BC /* Base */; };
		D537309A2BFF260B00AF08BC /* MVVM_RTests.swift in Sources */ = {isa = PBXBuildFile; fileRef = D53730992BFF260B00AF08BC /* MVVM_RTests.swift */; };
		D53730A42BFF260B00AF08BC /* MVVM_RUITests.swift in Sources */ = {isa = PBXBuildFile; fileRef = D53730A32BFF260B00AF08BC /* MVVM_RUITests.swift */; };
		D53730A62BFF260B00AF08BC /* MVVM_RUITestsLaunchTests.swift in Sources */ = {isa = PBXBuildFile; fileRef = D53730A52BFF260B00AF08BC /* MVVM_RUITestsLaunchTests.swift */; };
		D53730B32BFF281100AF08BC /* CartViewController.swift in Sources */ = {isa = PBXBuildFile; fileRef = D53730B22BFF281100AF08BC /* CartViewController.swift */; };
		D53730B52BFF282200AF08BC /* MenuViewController.swift in Sources */ = {isa = PBXBuildFile; fileRef = D53730B42BFF282200AF08BC /* MenuViewController.swift */; };
		D53730BA2BFF284A00AF08BC /* CartViewModel.swift in Sources */ = {isa = PBXBuildFile; fileRef = D53730B92BFF284A00AF08BC /* CartViewModel.swift */; };
		D53730BC2BFF285200AF08BC /* MenuViewModel.swift in Sources */ = {isa = PBXBuildFile; fileRef = D53730BB2BFF285200AF08BC /* MenuViewModel.swift */; };
		D53730BE2BFF285A00AF08BC /* HomeViewModel.swift in Sources */ = {isa = PBXBuildFile; fileRef = D53730BD2BFF285A00AF08BC /* HomeViewModel.swift */; };
		D53730C12BFF288000AF08BC /* BaseRouter.swift in Sources */ = {isa = PBXBuildFile; fileRef = D53730C02BFF288000AF08BC /* BaseRouter.swift */; };
		D53730C32BFF29D600AF08BC /* SplashViewController.swift in Sources */ = {isa = PBXBuildFile; fileRef = D53730C22BFF29D600AF08BC /* SplashViewController.swift */; };
		D53730C52BFF2B9D00AF08BC /* AppRouter.swift in Sources */ = {isa = PBXBuildFile; fileRef = D53730C42BFF2B9D00AF08BC /* AppRouter.swift */; };
		D53730C72BFF2C4100AF08BC /* TabBarRouter.swift in Sources */ = {isa = PBXBuildFile; fileRef = D53730C62BFF2C4100AF08BC /* TabBarRouter.swift */; };
		D53730C92BFF2DB500AF08BC /* CartRouter.swift in Sources */ = {isa = PBXBuildFile; fileRef = D53730C82BFF2DB500AF08BC /* CartRouter.swift */; };
		D53730CB2BFF2DBD00AF08BC /* MenuRouter.swift in Sources */ = {isa = PBXBuildFile; fileRef = D53730CA2BFF2DBD00AF08BC /* MenuRouter.swift */; };
		D53730CD2BFF2DC600AF08BC /* HomeRouter.swift in Sources */ = {isa = PBXBuildFile; fileRef = D53730CC2BFF2DC600AF08BC /* HomeRouter.swift */; };
		D53730CF2BFF331000AF08BC /* CartBuilder.swift in Sources */ = {isa = PBXBuildFile; fileRef = D53730CE2BFF331000AF08BC /* CartBuilder.swift */; };
		D53730D12BFF331400AF08BC /* MenuBuilder.swift in Sources */ = {isa = PBXBuildFile; fileRef = D53730D02BFF331400AF08BC /* MenuBuilder.swift */; };
		D53730D32BFF331800AF08BC /* HomeBuilder.swift in Sources */ = {isa = PBXBuildFile; fileRef = D53730D22BFF331800AF08BC /* HomeBuilder.swift */; };
		D53730D52BFF332100AF08BC /* Builder.swift in Sources */ = {isa = PBXBuildFile; fileRef = D53730D42BFF332100AF08BC /* Builder.swift */; };
		D53730D72BFF339A00AF08BC /* BaseController.swift in Sources */ = {isa = PBXBuildFile; fileRef = D53730D62BFF339A00AF08BC /* BaseController.swift */; };
		D53730D92BFF33AE00AF08BC /* ViewModel.swift in Sources */ = {isa = PBXBuildFile; fileRef = D53730D82BFF33AE00AF08BC /* ViewModel.swift */; };
		D53730DC2BFF3B6700AF08BC /* ProductDetailViewController.swift in Sources */ = {isa = PBXBuildFile; fileRef = D53730DB2BFF3B6700AF08BC /* ProductDetailViewController.swift */; };
		D53730DE2BFF3B7F00AF08BC /* ProductDetailViewModel.swift in Sources */ = {isa = PBXBuildFile; fileRef = D53730DD2BFF3B7F00AF08BC /* ProductDetailViewModel.swift */; };
		D53730E02BFF3B8B00AF08BC /* ProductDetailRouter.swift in Sources */ = {isa = PBXBuildFile; fileRef = D53730DF2BFF3B8B00AF08BC /* ProductDetailRouter.swift */; };
		D53730E22BFF3B9E00AF08BC /* ProductDetailBuilder.swift in Sources */ = {isa = PBXBuildFile; fileRef = D53730E12BFF3B9E00AF08BC /* ProductDetailBuilder.swift */; };
		D53730E42BFF3BD800AF08BC /* Product.swift in Sources */ = {isa = PBXBuildFile; fileRef = D53730E32BFF3BD800AF08BC /* Product.swift */; };
		D53730EA2BFF541E00AF08BC /* UINavigationController+.swift in Sources */ = {isa = PBXBuildFile; fileRef = D53730E92BFF541E00AF08BC /* UINavigationController+.swift */; };
/* End PBXBuildFile section */

/* Begin PBXContainerItemProxy section */
		D53730962BFF260B00AF08BC /* PBXContainerItemProxy */ = {
			isa = PBXContainerItemProxy;
			containerPortal = D53730772BFF260700AF08BC /* Project object */;
			proxyType = 1;
			remoteGlobalIDString = D537307E2BFF260700AF08BC;
			remoteInfo = "MVVM+R";
		};
		D53730A02BFF260B00AF08BC /* PBXContainerItemProxy */ = {
			isa = PBXContainerItemProxy;
			containerPortal = D53730772BFF260700AF08BC /* Project object */;
			proxyType = 1;
			remoteGlobalIDString = D537307E2BFF260700AF08BC;
			remoteInfo = "MVVM+R";
		};
/* End PBXContainerItemProxy section */

/* Begin PBXFileReference section */
		D537307F2BFF260700AF08BC /* MVVM+R.app */ = {isa = PBXFileReference; explicitFileType = wrapper.application; includeInIndex = 0; path = "MVVM+R.app"; sourceTree = BUILT_PRODUCTS_DIR; };
		D53730822BFF260700AF08BC /* AppDelegate.swift */ = {isa = PBXFileReference; lastKnownFileType = sourcecode.swift; path = AppDelegate.swift; sourceTree = "<group>"; };
		D53730862BFF260700AF08BC /* HomeViewController.swift */ = {isa = PBXFileReference; lastKnownFileType = sourcecode.swift; path = HomeViewController.swift; sourceTree = "<group>"; };
		D537308B2BFF260B00AF08BC /* Assets.xcassets */ = {isa = PBXFileReference; lastKnownFileType = folder.assetcatalog; path = Assets.xcassets; sourceTree = "<group>"; };
		D537308E2BFF260B00AF08BC /* Base */ = {isa = PBXFileReference; lastKnownFileType = file.storyboard; name = Base; path = Base.lproj/LaunchScreen.storyboard; sourceTree = "<group>"; };
		D53730902BFF260B00AF08BC /* Info.plist */ = {isa = PBXFileReference; lastKnownFileType = text.plist.xml; path = Info.plist; sourceTree = "<group>"; };
		D53730952BFF260B00AF08BC /* MVVM+RTests.xctest */ = {isa = PBXFileReference; explicitFileType = wrapper.cfbundle; includeInIndex = 0; path = "MVVM+RTests.xctest"; sourceTree = BUILT_PRODUCTS_DIR; };
		D53730992BFF260B00AF08BC /* MVVM_RTests.swift */ = {isa = PBXFileReference; lastKnownFileType = sourcecode.swift; path = MVVM_RTests.swift; sourceTree = "<group>"; };
		D537309F2BFF260B00AF08BC /* MVVM+RUITests.xctest */ = {isa = PBXFileReference; explicitFileType = wrapper.cfbundle; includeInIndex = 0; path = "MVVM+RUITests.xctest"; sourceTree = BUILT_PRODUCTS_DIR; };
		D53730A32BFF260B00AF08BC /* MVVM_RUITests.swift */ = {isa = PBXFileReference; lastKnownFileType = sourcecode.swift; path = MVVM_RUITests.swift; sourceTree = "<group>"; };
		D53730A52BFF260B00AF08BC /* MVVM_RUITestsLaunchTests.swift */ = {isa = PBXFileReference; lastKnownFileType = sourcecode.swift; path = MVVM_RUITestsLaunchTests.swift; sourceTree = "<group>"; };
		D53730B22BFF281100AF08BC /* CartViewController.swift */ = {isa = PBXFileReference; lastKnownFileType = sourcecode.swift; path = CartViewController.swift; sourceTree = "<group>"; };
		D53730B42BFF282200AF08BC /* MenuViewController.swift */ = {isa = PBXFileReference; lastKnownFileType = sourcecode.swift; path = MenuViewController.swift; sourceTree = "<group>"; };
		D53730B92BFF284A00AF08BC /* CartViewModel.swift */ = {isa = PBXFileReference; lastKnownFileType = sourcecode.swift; path = CartViewModel.swift; sourceTree = "<group>"; };
		D53730BB2BFF285200AF08BC /* MenuViewModel.swift */ = {isa = PBXFileReference; lastKnownFileType = sourcecode.swift; path = MenuViewModel.swift; sourceTree = "<group>"; };
		D53730BD2BFF285A00AF08BC /* HomeViewModel.swift */ = {isa = PBXFileReference; lastKnownFileType = sourcecode.swift; path = HomeViewModel.swift; sourceTree = "<group>"; };
		D53730C02BFF288000AF08BC /* BaseRouter.swift */ = {isa = PBXFileReference; lastKnownFileType = sourcecode.swift; path = BaseRouter.swift; sourceTree = "<group>"; };
		D53730C22BFF29D600AF08BC /* SplashViewController.swift */ = {isa = PBXFileReference; lastKnownFileType = sourcecode.swift; path = SplashViewController.swift; sourceTree = "<group>"; };
		D53730C42BFF2B9D00AF08BC /* AppRouter.swift */ = {isa = PBXFileReference; lastKnownFileType = sourcecode.swift; path = AppRouter.swift; sourceTree = "<group>"; };
		D53730C62BFF2C4100AF08BC /* TabBarRouter.swift */ = {isa = PBXFileReference; lastKnownFileType = sourcecode.swift; path = TabBarRouter.swift; sourceTree = "<group>"; };
		D53730C82BFF2DB500AF08BC /* CartRouter.swift */ = {isa = PBXFileReference; lastKnownFileType = sourcecode.swift; path = CartRouter.swift; sourceTree = "<group>"; };
		D53730CA2BFF2DBD00AF08BC /* MenuRouter.swift */ = {isa = PBXFileReference; lastKnownFileType = sourcecode.swift; path = MenuRouter.swift; sourceTree = "<group>"; };
		D53730CC2BFF2DC600AF08BC /* HomeRouter.swift */ = {isa = PBXFileReference; lastKnownFileType = sourcecode.swift; path = HomeRouter.swift; sourceTree = "<group>"; };
		D53730CE2BFF331000AF08BC /* CartBuilder.swift */ = {isa = PBXFileReference; lastKnownFileType = sourcecode.swift; path = CartBuilder.swift; sourceTree = "<group>"; };
		D53730D02BFF331400AF08BC /* MenuBuilder.swift */ = {isa = PBXFileReference; lastKnownFileType = sourcecode.swift; path = MenuBuilder.swift; sourceTree = "<group>"; };
		D53730D22BFF331800AF08BC /* HomeBuilder.swift */ = {isa = PBXFileReference; lastKnownFileType = sourcecode.swift; path = HomeBuilder.swift; sourceTree = "<group>"; };
		D53730D42BFF332100AF08BC /* Builder.swift */ = {isa = PBXFileReference; lastKnownFileType = sourcecode.swift; path = Builder.swift; sourceTree = "<group>"; };
		D53730D62BFF339A00AF08BC /* BaseController.swift */ = {isa = PBXFileReference; lastKnownFileType = sourcecode.swift; path = BaseController.swift; sourceTree = "<group>"; };
		D53730D82BFF33AE00AF08BC /* ViewModel.swift */ = {isa = PBXFileReference; lastKnownFileType = sourcecode.swift; path = ViewModel.swift; sourceTree = "<group>"; };
		D53730DB2BFF3B6700AF08BC /* ProductDetailViewController.swift */ = {isa = PBXFileReference; lastKnownFileType = sourcecode.swift; path = ProductDetailViewController.swift; sourceTree = "<group>"; };
		D53730DD2BFF3B7F00AF08BC /* ProductDetailViewModel.swift */ = {isa = PBXFileReference; lastKnownFileType = sourcecode.swift; path = ProductDetailViewModel.swift; sourceTree = "<group>"; };
		D53730DF2BFF3B8B00AF08BC /* ProductDetailRouter.swift */ = {isa = PBXFileReference; lastKnownFileType = sourcecode.swift; path = ProductDetailRouter.swift; sourceTree = "<group>"; };
		D53730E12BFF3B9E00AF08BC /* ProductDetailBuilder.swift */ = {isa = PBXFileReference; lastKnownFileType = sourcecode.swift; path = ProductDetailBuilder.swift; sourceTree = "<group>"; };
		D53730E32BFF3BD800AF08BC /* Product.swift */ = {isa = PBXFileReference; lastKnownFileType = sourcecode.swift; path = Product.swift; sourceTree = "<group>"; };
		D53730E92BFF541E00AF08BC /* UINavigationController+.swift */ = {isa = PBXFileReference; lastKnownFileType = sourcecode.swift; path = "UINavigationController+.swift"; sourceTree = "<group>"; };
/* End PBXFileReference section */

/* Begin PBXFrameworksBuildPhase section */
		D537307C2BFF260700AF08BC /* Frameworks */ = {
			isa = PBXFrameworksBuildPhase;
			buildActionMask = 2147483647;
			files = (
			);
			runOnlyForDeploymentPostprocessing = 0;
		};
		D53730922BFF260B00AF08BC /* Frameworks */ = {
			isa = PBXFrameworksBuildPhase;
			buildActionMask = 2147483647;
			files = (
			);
			runOnlyForDeploymentPostprocessing = 0;
		};
		D537309C2BFF260B00AF08BC /* Frameworks */ = {
			isa = PBXFrameworksBuildPhase;
			buildActionMask = 2147483647;
			files = (
			);
			runOnlyForDeploymentPostprocessing = 0;
		};
/* End PBXFrameworksBuildPhase section */

/* Begin PBXGroup section */
		D53730762BFF260700AF08BC = {
			isa = PBXGroup;
			children = (
				D53730812BFF260700AF08BC /* MVVM+R */,
				D53730982BFF260B00AF08BC /* MVVM+RTests */,
				D53730A22BFF260B00AF08BC /* MVVM+RUITests */,
				D53730802BFF260700AF08BC /* Products */,
			);
			sourceTree = "<group>";
		};
		D53730802BFF260700AF08BC /* Products */ = {
			isa = PBXGroup;
			children = (
				D537307F2BFF260700AF08BC /* MVVM+R.app */,
				D53730952BFF260B00AF08BC /* MVVM+RTests.xctest */,
				D537309F2BFF260B00AF08BC /* MVVM+RUITests.xctest */,
			);
			name = Products;
			sourceTree = "<group>";
		};
		D53730812BFF260700AF08BC /* MVVM+R */ = {
			isa = PBXGroup;
			children = (
				D53730E82BFF541000AF08BC /* Extensions */,
				D53730E52BFF4F1E00AF08BC /* Main */,
				D53730BF2BFF287900AF08BC /* Base */,
				D53730822BFF260700AF08BC /* AppDelegate.swift */,
				D53730B82BFF283500AF08BC /* Cart */,
				D53730B72BFF282C00AF08BC /* Menu */,
				D53730B62BFF282500AF08BC /* Home */,
				D53730DA2BFF3B5300AF08BC /* ProductDetail */,
				D537308B2BFF260B00AF08BC /* Assets.xcassets */,
				D537308D2BFF260B00AF08BC /* LaunchScreen.storyboard */,
				D53730902BFF260B00AF08BC /* Info.plist */,
				D53730C22BFF29D600AF08BC /* SplashViewController.swift */,
			);
			path = "MVVM+R";
			sourceTree = "<group>";
		};
		D53730982BFF260B00AF08BC /* MVVM+RTests */ = {
			isa = PBXGroup;
			children = (
				D53730992BFF260B00AF08BC /* MVVM_RTests.swift */,
			);
			path = "MVVM+RTests";
			sourceTree = "<group>";
		};
		D53730A22BFF260B00AF08BC /* MVVM+RUITests */ = {
			isa = PBXGroup;
			children = (
				D53730A32BFF260B00AF08BC /* MVVM_RUITests.swift */,
				D53730A52BFF260B00AF08BC /* MVVM_RUITestsLaunchTests.swift */,
			);
			path = "MVVM+RUITests";
			sourceTree = "<group>";
		};
		D53730B62BFF282500AF08BC /* Home */ = {
			isa = PBXGroup;
			children = (
				D53730862BFF260700AF08BC /* HomeViewController.swift */,
				D53730BD2BFF285A00AF08BC /* HomeViewModel.swift */,
				D53730CC2BFF2DC600AF08BC /* HomeRouter.swift */,
				D53730D22BFF331800AF08BC /* HomeBuilder.swift */,
				D53730D62BFF339A00AF08BC /* BaseController.swift */,
			);
			path = Home;
			sourceTree = "<group>";
		};
		D53730B72BFF282C00AF08BC /* Menu */ = {
			isa = PBXGroup;
			children = (
				D53730B42BFF282200AF08BC /* MenuViewController.swift */,
				D53730BB2BFF285200AF08BC /* MenuViewModel.swift */,
				D53730CA2BFF2DBD00AF08BC /* MenuRouter.swift */,
				D53730D02BFF331400AF08BC /* MenuBuilder.swift */,
			);
			path = Menu;
			sourceTree = "<group>";
		};
		D53730B82BFF283500AF08BC /* Cart */ = {
			isa = PBXGroup;
			children = (
				D53730B22BFF281100AF08BC /* CartViewController.swift */,
				D53730B92BFF284A00AF08BC /* CartViewModel.swift */,
				D53730C82BFF2DB500AF08BC /* CartRouter.swift */,
				D53730CE2BFF331000AF08BC /* CartBuilder.swift */,
			);
			path = Cart;
			sourceTree = "<group>";
		};
		D53730BF2BFF287900AF08BC /* Base */ = {
			isa = PBXGroup;
			children = (
				D53730C02BFF288000AF08BC /* BaseRouter.swift */,
				D53730C42BFF2B9D00AF08BC /* AppRouter.swift */,
				D53730C62BFF2C4100AF08BC /* TabBarRouter.swift */,
				D53730D42BFF332100AF08BC /* Builder.swift */,
				D53730D82BFF33AE00AF08BC /* ViewModel.swift */,
			);
			path = Base;
			sourceTree = "<group>";
		};
		D53730DA2BFF3B5300AF08BC /* ProductDetail */ = {
			isa = PBXGroup;
			children = (
				D53730DB2BFF3B6700AF08BC /* ProductDetailViewController.swift */,
				D53730DD2BFF3B7F00AF08BC /* ProductDetailViewModel.swift */,
				D53730DF2BFF3B8B00AF08BC /* ProductDetailRouter.swift */,
				D53730E12BFF3B9E00AF08BC /* ProductDetailBuilder.swift */,
				D53730E32BFF3BD800AF08BC /* Product.swift */,
			);
			path = ProductDetail;
			sourceTree = "<group>";
		};
		D53730E52BFF4F1E00AF08BC /* Main */ = {
			isa = PBXGroup;
			children = (
			);
			path = Main;
			sourceTree = "<group>";
		};
		D53730E82BFF541000AF08BC /* Extensions */ = {
			isa = PBXGroup;
			children = (
				D53730E92BFF541E00AF08BC /* UINavigationController+.swift */,
			);
			path = Extensions;
			sourceTree = "<group>";
		};
/* End PBXGroup section */

/* Begin PBXNativeTarget section */
		D537307E2BFF260700AF08BC /* MVVM+R */ = {
			isa = PBXNativeTarget;
			buildConfigurationList = D53730A92BFF260B00AF08BC /* Build configuration list for PBXNativeTarget "MVVM+R" */;
			buildPhases = (
				D537307B2BFF260700AF08BC /* Sources */,
				D537307C2BFF260700AF08BC /* Frameworks */,
				D537307D2BFF260700AF08BC /* Resources */,
			);
			buildRules = (
			);
			dependencies = (
			);
			name = "MVVM+R";
			productName = "MVVM+R";
			productReference = D537307F2BFF260700AF08BC /* MVVM+R.app */;
			productType = "com.apple.product-type.application";
		};
		D53730942BFF260B00AF08BC /* MVVM+RTests */ = {
			isa = PBXNativeTarget;
			buildConfigurationList = D53730AC2BFF260B00AF08BC /* Build configuration list for PBXNativeTarget "MVVM+RTests" */;
			buildPhases = (
				D53730912BFF260B00AF08BC /* Sources */,
				D53730922BFF260B00AF08BC /* Frameworks */,
				D53730932BFF260B00AF08BC /* Resources */,
			);
			buildRules = (
			);
			dependencies = (
				D53730972BFF260B00AF08BC /* PBXTargetDependency */,
			);
			name = "MVVM+RTests";
			productName = "MVVM+RTests";
			productReference = D53730952BFF260B00AF08BC /* MVVM+RTests.xctest */;
			productType = "com.apple.product-type.bundle.unit-test";
		};
		D537309E2BFF260B00AF08BC /* MVVM+RUITests */ = {
			isa = PBXNativeTarget;
			buildConfigurationList = D53730AF2BFF260B00AF08BC /* Build configuration list for PBXNativeTarget "MVVM+RUITests" */;
			buildPhases = (
				D537309B2BFF260B00AF08BC /* Sources */,
				D537309C2BFF260B00AF08BC /* Frameworks */,
				D537309D2BFF260B00AF08BC /* Resources */,
			);
			buildRules = (
			);
			dependencies = (
				D53730A12BFF260B00AF08BC /* PBXTargetDependency */,
			);
			name = "MVVM+RUITests";
			productName = "MVVM+RUITests";
			productReference = D537309F2BFF260B00AF08BC /* MVVM+RUITests.xctest */;
			productType = "com.apple.product-type.bundle.ui-testing";
		};
/* End PBXNativeTarget section */

/* Begin PBXProject section */
		D53730772BFF260700AF08BC /* Project object */ = {
			isa = PBXProject;
			attributes = {
				BuildIndependentTargetsInParallel = 1;
				LastSwiftUpdateCheck = 1530;
				LastUpgradeCheck = 1530;
				TargetAttributes = {
					D537307E2BFF260700AF08BC = {
						CreatedOnToolsVersion = 15.3;
					};
					D53730942BFF260B00AF08BC = {
						CreatedOnToolsVersion = 15.3;
						TestTargetID = D537307E2BFF260700AF08BC;
					};
					D537309E2BFF260B00AF08BC = {
						CreatedOnToolsVersion = 15.3;
						TestTargetID = D537307E2BFF260700AF08BC;
					};
				};
			};
			buildConfigurationList = D537307A2BFF260700AF08BC /* Build configuration list for PBXProject "MVVM+R" */;
			compatibilityVersion = "Xcode 14.0";
			developmentRegion = en;
			hasScannedForEncodings = 0;
			knownRegions = (
				en,
				Base,
			);
			mainGroup = D53730762BFF260700AF08BC;
			productRefGroup = D53730802BFF260700AF08BC /* Products */;
			projectDirPath = "";
			projectRoot = "";
			targets = (
				D537307E2BFF260700AF08BC /* MVVM+R */,
				D53730942BFF260B00AF08BC /* MVVM+RTests */,
				D537309E2BFF260B00AF08BC /* MVVM+RUITests */,
			);
		};
/* End PBXProject section */

/* Begin PBXResourcesBuildPhase section */
		D537307D2BFF260700AF08BC /* Resources */ = {
			isa = PBXResourcesBuildPhase;
			buildActionMask = 2147483647;
			files = (
				D537308C2BFF260B00AF08BC /* Assets.xcassets in Resources */,
				D537308F2BFF260B00AF08BC /* Base in Resources */,
			);
			runOnlyForDeploymentPostprocessing = 0;
		};
		D53730932BFF260B00AF08BC /* Resources */ = {
			isa = PBXResourcesBuildPhase;
			buildActionMask = 2147483647;
			files = (
			);
			runOnlyForDeploymentPostprocessing = 0;
		};
		D537309D2BFF260B00AF08BC /* Resources */ = {
			isa = PBXResourcesBuildPhase;
			buildActionMask = 2147483647;
			files = (
			);
			runOnlyForDeploymentPostprocessing = 0;
		};
/* End PBXResourcesBuildPhase section */

/* Begin PBXSourcesBuildPhase section */
		D537307B2BFF260700AF08BC /* Sources */ = {
			isa = PBXSourcesBuildPhase;
			buildActionMask = 2147483647;
			files = (
				D53730E22BFF3B9E00AF08BC /* ProductDetailBuilder.swift in Sources */,
				D53730D72BFF339A00AF08BC /* BaseController.swift in Sources */,
				D53730872BFF260700AF08BC /* HomeViewController.swift in Sources */,
				D53730DC2BFF3B6700AF08BC /* ProductDetailViewController.swift in Sources */,
				D53730BA2BFF284A00AF08BC /* CartViewModel.swift in Sources */,
				D53730C92BFF2DB500AF08BC /* CartRouter.swift in Sources */,
				D53730DE2BFF3B7F00AF08BC /* ProductDetailViewModel.swift in Sources */,
				D53730E42BFF3BD800AF08BC /* Product.swift in Sources */,
				D53730BE2BFF285A00AF08BC /* HomeViewModel.swift in Sources */,
				D53730C32BFF29D600AF08BC /* SplashViewController.swift in Sources */,
				D53730D52BFF332100AF08BC /* Builder.swift in Sources */,
				D53730CB2BFF2DBD00AF08BC /* MenuRouter.swift in Sources */,
				D53730CF2BFF331000AF08BC /* CartBuilder.swift in Sources */,
				D53730B32BFF281100AF08BC /* CartViewController.swift in Sources */,
				D53730D92BFF33AE00AF08BC /* ViewModel.swift in Sources */,
				D53730D12BFF331400AF08BC /* MenuBuilder.swift in Sources */,
				D53730E02BFF3B8B00AF08BC /* ProductDetailRouter.swift in Sources */,
				D53730BC2BFF285200AF08BC /* MenuViewModel.swift in Sources */,
				D53730832BFF260700AF08BC /* AppDelegate.swift in Sources */,
				D53730CD2BFF2DC600AF08BC /* HomeRouter.swift in Sources */,
				D53730B52BFF282200AF08BC /* MenuViewController.swift in Sources */,
				D53730C72BFF2C4100AF08BC /* TabBarRouter.swift in Sources */,
				D53730EA2BFF541E00AF08BC /* UINavigationController+.swift in Sources */,
				D53730C52BFF2B9D00AF08BC /* AppRouter.swift in Sources */,
				D53730D32BFF331800AF08BC /* HomeBuilder.swift in Sources */,
				D53730C12BFF288000AF08BC /* BaseRouter.swift in Sources */,
			);
			runOnlyForDeploymentPostprocessing = 0;
		};
		D53730912BFF260B00AF08BC /* Sources */ = {
			isa = PBXSourcesBuildPhase;
			buildActionMask = 2147483647;
			files = (
				D537309A2BFF260B00AF08BC /* MVVM_RTests.swift in Sources */,
			);
			runOnlyForDeploymentPostprocessing = 0;
		};
		D537309B2BFF260B00AF08BC /* Sources */ = {
			isa = PBXSourcesBuildPhase;
			buildActionMask = 2147483647;
			files = (
				D53730A42BFF260B00AF08BC /* MVVM_RUITests.swift in Sources */,
				D53730A62BFF260B00AF08BC /* MVVM_RUITestsLaunchTests.swift in Sources */,
			);
			runOnlyForDeploymentPostprocessing = 0;
		};
/* End PBXSourcesBuildPhase section */

/* Begin PBXTargetDependency section */
		D53730972BFF260B00AF08BC /* PBXTargetDependency */ = {
			isa = PBXTargetDependency;
			target = D537307E2BFF260700AF08BC /* MVVM+R */;
			targetProxy = D53730962BFF260B00AF08BC /* PBXContainerItemProxy */;
		};
		D53730A12BFF260B00AF08BC /* PBXTargetDependency */ = {
			isa = PBXTargetDependency;
			target = D537307E2BFF260700AF08BC /* MVVM+R */;
			targetProxy = D53730A02BFF260B00AF08BC /* PBXContainerItemProxy */;
		};
/* End PBXTargetDependency section */

/* Begin PBXVariantGroup section */
		D537308D2BFF260B00AF08BC /* LaunchScreen.storyboard */ = {
			isa = PBXVariantGroup;
			children = (
				D537308E2BFF260B00AF08BC /* Base */,
			);
			name = LaunchScreen.storyboard;
			sourceTree = "<group>";
		};
/* End PBXVariantGroup section */

/* Begin XCBuildConfiguration section */
		D53730A72BFF260B00AF08BC /* Debug */ = {
			isa = XCBuildConfiguration;
			buildSettings = {
				ALWAYS_SEARCH_USER_PATHS = NO;
				ASSETCATALOG_COMPILER_GENERATE_SWIFT_ASSET_SYMBOL_EXTENSIONS = YES;
				CLANG_ANALYZER_NONNULL = YES;
				CLANG_ANALYZER_NUMBER_OBJECT_CONVERSION = YES_AGGRESSIVE;
				CLANG_CXX_LANGUAGE_STANDARD = "gnu++20";
				CLANG_ENABLE_MODULES = YES;
				CLANG_ENABLE_OBJC_ARC = YES;
				CLANG_ENABLE_OBJC_WEAK = YES;
				CLANG_WARN_BLOCK_CAPTURE_AUTORELEASING = YES;
				CLANG_WARN_BOOL_CONVERSION = YES;
				CLANG_WARN_COMMA = YES;
				CLANG_WARN_CONSTANT_CONVERSION = YES;
				CLANG_WARN_DEPRECATED_OBJC_IMPLEMENTATIONS = YES;
				CLANG_WARN_DIRECT_OBJC_ISA_USAGE = YES_ERROR;
				CLANG_WARN_DOCUMENTATION_COMMENTS = YES;
				CLANG_WARN_EMPTY_BODY = YES;
				CLANG_WARN_ENUM_CONVERSION = YES;
				CLANG_WARN_INFINITE_RECURSION = YES;
				CLANG_WARN_INT_CONVERSION = YES;
				CLANG_WARN_NON_LITERAL_NULL_CONVERSION = YES;
				CLANG_WARN_OBJC_IMPLICIT_RETAIN_SELF = YES;
				CLANG_WARN_OBJC_LITERAL_CONVERSION = YES;
				CLANG_WARN_OBJC_ROOT_CLASS = YES_ERROR;
				CLANG_WARN_QUOTED_INCLUDE_IN_FRAMEWORK_HEADER = YES;
				CLANG_WARN_RANGE_LOOP_ANALYSIS = YES;
				CLANG_WARN_STRICT_PROTOTYPES = YES;
				CLANG_WARN_SUSPICIOUS_MOVE = YES;
				CLANG_WARN_UNGUARDED_AVAILABILITY = YES_AGGRESSIVE;
				CLANG_WARN_UNREACHABLE_CODE = YES;
				CLANG_WARN__DUPLICATE_METHOD_MATCH = YES;
				COPY_PHASE_STRIP = NO;
				DEBUG_INFORMATION_FORMAT = dwarf;
				ENABLE_STRICT_OBJC_MSGSEND = YES;
				ENABLE_TESTABILITY = YES;
				ENABLE_USER_SCRIPT_SANDBOXING = YES;
				GCC_C_LANGUAGE_STANDARD = gnu17;
				GCC_DYNAMIC_NO_PIC = NO;
				GCC_NO_COMMON_BLOCKS = YES;
				GCC_OPTIMIZATION_LEVEL = 0;
				GCC_PREPROCESSOR_DEFINITIONS = (
					"DEBUG=1",
					"$(inherited)",
				);
				GCC_WARN_64_TO_32_BIT_CONVERSION = YES;
				GCC_WARN_ABOUT_RETURN_TYPE = YES_ERROR;
				GCC_WARN_UNDECLARED_SELECTOR = YES;
				GCC_WARN_UNINITIALIZED_AUTOS = YES_AGGRESSIVE;
				GCC_WARN_UNUSED_FUNCTION = YES;
				GCC_WARN_UNUSED_VARIABLE = YES;
				IPHONEOS_DEPLOYMENT_TARGET = 17.4;
				LOCALIZATION_PREFERS_STRING_CATALOGS = YES;
				MTL_ENABLE_DEBUG_INFO = INCLUDE_SOURCE;
				MTL_FAST_MATH = YES;
				ONLY_ACTIVE_ARCH = YES;
				SDKROOT = iphoneos;
				SWIFT_ACTIVE_COMPILATION_CONDITIONS = "DEBUG $(inherited)";
				SWIFT_OPTIMIZATION_LEVEL = "-Onone";
			};
			name = Debug;
		};
		D53730A82BFF260B00AF08BC /* Release */ = {
			isa = XCBuildConfiguration;
			buildSettings = {
				ALWAYS_SEARCH_USER_PATHS = NO;
				ASSETCATALOG_COMPILER_GENERATE_SWIFT_ASSET_SYMBOL_EXTENSIONS = YES;
				CLANG_ANALYZER_NONNULL = YES;
				CLANG_ANALYZER_NUMBER_OBJECT_CONVERSION = YES_AGGRESSIVE;
				CLANG_CXX_LANGUAGE_STANDARD = "gnu++20";
				CLANG_ENABLE_MODULES = YES;
				CLANG_ENABLE_OBJC_ARC = YES;
				CLANG_ENABLE_OBJC_WEAK = YES;
				CLANG_WARN_BLOCK_CAPTURE_AUTORELEASING = YES;
				CLANG_WARN_BOOL_CONVERSION = YES;
				CLANG_WARN_COMMA = YES;
				CLANG_WARN_CONSTANT_CONVERSION = YES;
				CLANG_WARN_DEPRECATED_OBJC_IMPLEMENTATIONS = YES;
				CLANG_WARN_DIRECT_OBJC_ISA_USAGE = YES_ERROR;
				CLANG_WARN_DOCUMENTATION_COMMENTS = YES;
				CLANG_WARN_EMPTY_BODY = YES;
				CLANG_WARN_ENUM_CONVERSION = YES;
				CLANG_WARN_INFINITE_RECURSION = YES;
				CLANG_WARN_INT_CONVERSION = YES;
				CLANG_WARN_NON_LITERAL_NULL_CONVERSION = YES;
				CLANG_WARN_OBJC_IMPLICIT_RETAIN_SELF = YES;
				CLANG_WARN_OBJC_LITERAL_CONVERSION = YES;
				CLANG_WARN_OBJC_ROOT_CLASS = YES_ERROR;
				CLANG_WARN_QUOTED_INCLUDE_IN_FRAMEWORK_HEADER = YES;
				CLANG_WARN_RANGE_LOOP_ANALYSIS = YES;
				CLANG_WARN_STRICT_PROTOTYPES = YES;
				CLANG_WARN_SUSPICIOUS_MOVE = YES;
				CLANG_WARN_UNGUARDED_AVAILABILITY = YES_AGGRESSIVE;
				CLANG_WARN_UNREACHABLE_CODE = YES;
				CLANG_WARN__DUPLICATE_METHOD_MATCH = YES;
				COPY_PHASE_STRIP = NO;
				DEBUG_INFORMATION_FORMAT = "dwarf-with-dsym";
				ENABLE_NS_ASSERTIONS = NO;
				ENABLE_STRICT_OBJC_MSGSEND = YES;
				ENABLE_USER_SCRIPT_SANDBOXING = YES;
				GCC_C_LANGUAGE_STANDARD = gnu17;
				GCC_NO_COMMON_BLOCKS = YES;
				GCC_WARN_64_TO_32_BIT_CONVERSION = YES;
				GCC_WARN_ABOUT_RETURN_TYPE = YES_ERROR;
				GCC_WARN_UNDECLARED_SELECTOR = YES;
				GCC_WARN_UNINITIALIZED_AUTOS = YES_AGGRESSIVE;
				GCC_WARN_UNUSED_FUNCTION = YES;
				GCC_WARN_UNUSED_VARIABLE = YES;
				IPHONEOS_DEPLOYMENT_TARGET = 17.4;
				LOCALIZATION_PREFERS_STRING_CATALOGS = YES;
				MTL_ENABLE_DEBUG_INFO = NO;
				MTL_FAST_MATH = YES;
				SDKROOT = iphoneos;
				SWIFT_COMPILATION_MODE = wholemodule;
				VALIDATE_PRODUCT = YES;
			};
			name = Release;
		};
		D53730AA2BFF260B00AF08BC /* Debug */ = {
			isa = XCBuildConfiguration;
			buildSettings = {
				ASSETCATALOG_COMPILER_APPICON_NAME = AppIcon;
				ASSETCATALOG_COMPILER_GLOBAL_ACCENT_COLOR_NAME = AccentColor;
				CODE_SIGN_STYLE = Automatic;
				CURRENT_PROJECT_VERSION = 1;
				DEVELOPMENT_TEAM = 449H3QGX49;
				GENERATE_INFOPLIST_FILE = YES;
				INFOPLIST_FILE = "MVVM+R/Info.plist";
				INFOPLIST_KEY_UIApplicationSupportsIndirectInputEvents = YES;
				INFOPLIST_KEY_UILaunchStoryboardName = LaunchScreen;
				INFOPLIST_KEY_UISupportedInterfaceOrientations_iPad = "UIInterfaceOrientationPortrait UIInterfaceOrientationPortraitUpsideDown UIInterfaceOrientationLandscapeLeft UIInterfaceOrientationLandscapeRight";
				INFOPLIST_KEY_UISupportedInterfaceOrientations_iPhone = "UIInterfaceOrientationPortrait UIInterfaceOrientationLandscapeLeft UIInterfaceOrientationLandscapeRight";
				IPHONEOS_DEPLOYMENT_TARGET = 17.0;
				LD_RUNPATH_SEARCH_PATHS = (
					"$(inherited)",
					"@executable_path/Frameworks",
				);
				MARKETING_VERSION = 1.0;
				PRODUCT_BUNDLE_IDENTIFIER = "com.test.app.MVVM-R";
				PRODUCT_NAME = "$(TARGET_NAME)";
				SWIFT_EMIT_LOC_STRINGS = YES;
				SWIFT_VERSION = 5.0;
				TARGETED_DEVICE_FAMILY = "1,2";
			};
			name = Debug;
		};
		D53730AB2BFF260B00AF08BC /* Release */ = {
			isa = XCBuildConfiguration;
			buildSettings = {
				ASSETCATALOG_COMPILER_APPICON_NAME = AppIcon;
				ASSETCATALOG_COMPILER_GLOBAL_ACCENT_COLOR_NAME = AccentColor;
				CODE_SIGN_STYLE = Automatic;
				CURRENT_PROJECT_VERSION = 1;
				DEVELOPMENT_TEAM = 449H3QGX49;
				GENERATE_INFOPLIST_FILE = YES;
				INFOPLIST_FILE = "MVVM+R/Info.plist";
				INFOPLIST_KEY_UIApplicationSupportsIndirectInputEvents = YES;
				INFOPLIST_KEY_UILaunchStoryboardName = LaunchScreen;
				INFOPLIST_KEY_UISupportedInterfaceOrientations_iPad = "UIInterfaceOrientationPortrait UIInterfaceOrientationPortraitUpsideDown UIInterfaceOrientationLandscapeLeft UIInterfaceOrientationLandscapeRight";
				INFOPLIST_KEY_UISupportedInterfaceOrientations_iPhone = "UIInterfaceOrientationPortrait UIInterfaceOrientationLandscapeLeft UIInterfaceOrientationLandscapeRight";
				IPHONEOS_DEPLOYMENT_TARGET = 17.0;
				LD_RUNPATH_SEARCH_PATHS = (
					"$(inherited)",
					"@executable_path/Frameworks",
				);
				MARKETING_VERSION = 1.0;
				PRODUCT_BUNDLE_IDENTIFIER = "com.test.app.MVVM-R";
				PRODUCT_NAME = "$(TARGET_NAME)";
				SWIFT_EMIT_LOC_STRINGS = YES;
				SWIFT_VERSION = 5.0;
				TARGETED_DEVICE_FAMILY = "1,2";
			};
			name = Release;
		};
		D53730AD2BFF260B00AF08BC /* Debug */ = {
			isa = XCBuildConfiguration;
			buildSettings = {
				ALWAYS_EMBED_SWIFT_STANDARD_LIBRARIES = YES;
				BUNDLE_LOADER = "$(TEST_HOST)";
				CODE_SIGN_STYLE = Automatic;
				CURRENT_PROJECT_VERSION = 1;
				DEVELOPMENT_TEAM = 449H3QGX49;
				GENERATE_INFOPLIST_FILE = YES;
				IPHONEOS_DEPLOYMENT_TARGET = 17.4;
				MARKETING_VERSION = 1.0;
				PRODUCT_BUNDLE_IDENTIFIER = "com.test.app.MVVM-RTests";
				PRODUCT_NAME = "$(TARGET_NAME)";
				SWIFT_EMIT_LOC_STRINGS = NO;
				SWIFT_VERSION = 5.0;
				TARGETED_DEVICE_FAMILY = "1,2";
				TEST_HOST = "$(BUILT_PRODUCTS_DIR)/MVVM+R.app/$(BUNDLE_EXECUTABLE_FOLDER_PATH)/MVVM+R";
			};
			name = Debug;
		};
		D53730AE2BFF260B00AF08BC /* Release */ = {
			isa = XCBuildConfiguration;
			buildSettings = {
				ALWAYS_EMBED_SWIFT_STANDARD_LIBRARIES = YES;
				BUNDLE_LOADER = "$(TEST_HOST)";
				CODE_SIGN_STYLE = Automatic;
				CURRENT_PROJECT_VERSION = 1;
				DEVELOPMENT_TEAM = 449H3QGX49;
				GENERATE_INFOPLIST_FILE = YES;
				IPHONEOS_DEPLOYMENT_TARGET = 17.4;
				MARKETING_VERSION = 1.0;
				PRODUCT_BUNDLE_IDENTIFIER = "com.test.app.MVVM-RTests";
				PRODUCT_NAME = "$(TARGET_NAME)";
				SWIFT_EMIT_LOC_STRINGS = NO;
				SWIFT_VERSION = 5.0;
				TARGETED_DEVICE_FAMILY = "1,2";
				TEST_HOST = "$(BUILT_PRODUCTS_DIR)/MVVM+R.app/$(BUNDLE_EXECUTABLE_FOLDER_PATH)/MVVM+R";
			};
			name = Release;
		};
		D53730B02BFF260B00AF08BC /* Debug */ = {
			isa = XCBuildConfiguration;
			buildSettings = {
				ALWAYS_EMBED_SWIFT_STANDARD_LIBRARIES = YES;
				CODE_SIGN_STYLE = Automatic;
				CURRENT_PROJECT_VERSION = 1;
				DEVELOPMENT_TEAM = 449H3QGX49;
				GENERATE_INFOPLIST_FILE = YES;
				MARKETING_VERSION = 1.0;
				PRODUCT_BUNDLE_IDENTIFIER = "com.test.app.MVVM-RUITests";
				PRODUCT_NAME = "$(TARGET_NAME)";
				SWIFT_EMIT_LOC_STRINGS = NO;
				SWIFT_VERSION = 5.0;
				TARGETED_DEVICE_FAMILY = "1,2";
				TEST_TARGET_NAME = "MVVM+R";
			};
			name = Debug;
		};
		D53730B12BFF260B00AF08BC /* Release */ = {
			isa = XCBuildConfiguration;
			buildSettings = {
				ALWAYS_EMBED_SWIFT_STANDARD_LIBRARIES = YES;
				CODE_SIGN_STYLE = Automatic;
				CURRENT_PROJECT_VERSION = 1;
				DEVELOPMENT_TEAM = 449H3QGX49;
				GENERATE_INFOPLIST_FILE = YES;
				MARKETING_VERSION = 1.0;
				PRODUCT_BUNDLE_IDENTIFIER = "com.test.app.MVVM-RUITests";
				PRODUCT_NAME = "$(TARGET_NAME)";
				SWIFT_EMIT_LOC_STRINGS = NO;
				SWIFT_VERSION = 5.0;
				TARGETED_DEVICE_FAMILY = "1,2";
				TEST_TARGET_NAME = "MVVM+R";
			};
			name = Release;
		};
/* End XCBuildConfiguration section */

/* Begin XCConfigurationList section */
		D537307A2BFF260700AF08BC /* Build configuration list for PBXProject "MVVM+R" */ = {
			isa = XCConfigurationList;
			buildConfigurations = (
				D53730A72BFF260B00AF08BC /* Debug */,
				D53730A82BFF260B00AF08BC /* Release */,
			);
			defaultConfigurationIsVisible = 0;
			defaultConfigurationName = Release;
		};
		D53730A92BFF260B00AF08BC /* Build configuration list for PBXNativeTarget "MVVM+R" */ = {
			isa = XCConfigurationList;
			buildConfigurations = (
				D53730AA2BFF260B00AF08BC /* Debug */,
				D53730AB2BFF260B00AF08BC /* Release */,
			);
			defaultConfigurationIsVisible = 0;
			defaultConfigurationName = Release;
		};
		D53730AC2BFF260B00AF08BC /* Build configuration list for PBXNativeTarget "MVVM+RTests" */ = {
			isa = XCConfigurationList;
			buildConfigurations = (
				D53730AD2BFF260B00AF08BC /* Debug */,
				D53730AE2BFF260B00AF08BC /* Release */,
			);
			defaultConfigurationIsVisible = 0;
			defaultConfigurationName = Release;
		};
		D53730AF2BFF260B00AF08BC /* Build configuration list for PBXNativeTarget "MVVM+RUITests" */ = {
			isa = XCConfigurationList;
			buildConfigurations = (
				D53730B02BFF260B00AF08BC /* Debug */,
				D53730B12BFF260B00AF08BC /* Release */,
			);
			defaultConfigurationIsVisible = 0;
			defaultConfigurationName = Release;
		};
/* End XCConfigurationList section */
	};
	rootObject = D53730772BFF260700AF08BC /* Project object */;
}
